// !$*UTF8*$!
{
	archiveVersion = 1;
	classes = {
	};
	objectVersion = 56;
	objects = {

/* Begin PBXBuildFile section */
		49A0B8972C48D8C000E970B3 /* AppDelegate.swift in Sources */ = {isa = PBXBuildFile; fileRef = 49A0B8962C48D8C000E970B3 /* AppDelegate.swift */; };
		49A0B8992C48D8C000E970B3 /* SceneDelegate.swift in Sources */ = {isa = PBXBuildFile; fileRef = 49A0B8982C48D8C000E970B3 /* SceneDelegate.swift */; };
		49A0B89B2C48D8C000E970B3 /* ViewController.swift in Sources */ = {isa = PBXBuildFile; fileRef = 49A0B89A2C48D8C000E970B3 /* ViewController.swift */; };
		49A0B89E2C48D8C000E970B3 /* Base in Resources */ = {isa = PBXBuildFile; fileRef = 49A0B89D2C48D8C000E970B3 /* Base */; };
		49A0B8A02C48D8C200E970B3 /* Assets.xcassets in Resources */ = {isa = PBXBuildFile; fileRef = 49A0B89F2C48D8C200E970B3 /* Assets.xcassets */; };
		49A0B8A32C48D8C200E970B3 /* Base in Resources */ = {isa = PBXBuildFile; fileRef = 49A0B8A22C48D8C200E970B3 /* Base */; };
		49A0B8AE2C48D8C200E970B3 /* Lab4Tests.swift in Sources */ = {isa = PBXBuildFile; fileRef = 49A0B8AD2C48D8C200E970B3 /* Lab4Tests.swift */; };
		49A0B8B82C48D8C200E970B3 /* Lab4UITests.swift in Sources */ = {isa = PBXBuildFile; fileRef = 49A0B8B72C48D8C200E970B3 /* Lab4UITests.swift */; };
		49A0B8BA2C48D8C200E970B3 /* Lab4UITestsLaunchTests.swift in Sources */ = {isa = PBXBuildFile; fileRef = 49A0B8B92C48D8C200E970B3 /* Lab4UITestsLaunchTests.swift */; };
		49A101FD2C4E18ED006A928A /* MovieCell.swift in Sources */ = {isa = PBXBuildFile; fileRef = 49A101FC2C4E18ED006A928A /* MovieCell.swift */; };
		49BB91612C4EFC630051EAEB /* MovieDetailViewController.swift in Sources */ = {isa = PBXBuildFile; fileRef = 49BB91602C4EFC630051EAEB /* MovieDetailViewController.swift */; };
		49BB91672C4F0A580051EAEB /* FavoritesViewController.swift in Sources */ = {isa = PBXBuildFile; fileRef = 49BB91662C4F0A580051EAEB /* FavoritesViewController.swift */; };
		49BB91692C4F0A670051EAEB /* FavoriteMovies.swift in Sources */ = {isa = PBXBuildFile; fileRef = 49BB91682C4F0A670051EAEB /* FavoriteMovies.swift */; };
		49BB916B2C4F0E070051EAEB /* Movie.swift in Sources */ = {isa = PBXBuildFile; fileRef = 49BB916A2C4F0E070051EAEB /* Movie.swift */; };
/* End PBXBuildFile section */

/* Begin PBXContainerItemProxy section */
		49A0B8AA2C48D8C200E970B3 /* PBXContainerItemProxy */ = {
			isa = PBXContainerItemProxy;
			containerPortal = 49A0B88B2C48D8C000E970B3 /* Project object */;
			proxyType = 1;
			remoteGlobalIDString = 49A0B8922C48D8C000E970B3;
			remoteInfo = Lab4;
		};
		49A0B8B42C48D8C200E970B3 /* PBXContainerItemProxy */ = {
			isa = PBXContainerItemProxy;
			containerPortal = 49A0B88B2C48D8C000E970B3 /* Project object */;
			proxyType = 1;
			remoteGlobalIDString = 49A0B8922C48D8C000E970B3;
			remoteInfo = Lab4;
		};
/* End PBXContainerItemProxy section */

/* Begin PBXFileReference section */
		49A0B8932C48D8C000E970B3 /* Lab4.app */ = {isa = PBXFileReference; explicitFileType = wrapper.application; includeInIndex = 0; path = Lab4.app; sourceTree = BUILT_PRODUCTS_DIR; };
		49A0B8962C48D8C000E970B3 /* AppDelegate.swift */ = {isa = PBXFileReference; lastKnownFileType = sourcecode.swift; path = AppDelegate.swift; sourceTree = "<group>"; };
		49A0B8982C48D8C000E970B3 /* SceneDelegate.swift */ = {isa = PBXFileReference; lastKnownFileType = sourcecode.swift; path = SceneDelegate.swift; sourceTree = "<group>"; };
		49A0B89A2C48D8C000E970B3 /* ViewController.swift */ = {isa = PBXFileReference; lastKnownFileType = sourcecode.swift; path = ViewController.swift; sourceTree = "<group>"; };
		49A0B89D2C48D8C000E970B3 /* Base */ = {isa = PBXFileReference; lastKnownFileType = file.storyboard; name = Base; path = Base.lproj/Main.storyboard; sourceTree = "<group>"; };
		49A0B89F2C48D8C200E970B3 /* Assets.xcassets */ = {isa = PBXFileReference; lastKnownFileType = folder.assetcatalog; path = Assets.xcassets; sourceTree = "<group>"; };
		49A0B8A22C48D8C200E970B3 /* Base */ = {isa = PBXFileReference; lastKnownFileType = file.storyboard; name = Base; path = Base.lproj/LaunchScreen.storyboard; sourceTree = "<group>"; };
		49A0B8A42C48D8C200E970B3 /* Info.plist */ = {isa = PBXFileReference; lastKnownFileType = text.plist.xml; path = Info.plist; sourceTree = "<group>"; };
		49A0B8A92C48D8C200E970B3 /* Lab4Tests.xctest */ = {isa = PBXFileReference; explicitFileType = wrapper.cfbundle; includeInIndex = 0; path = Lab4Tests.xctest; sourceTree = BUILT_PRODUCTS_DIR; };
		49A0B8AD2C48D8C200E970B3 /* Lab4Tests.swift */ = {isa = PBXFileReference; lastKnownFileType = sourcecode.swift; path = Lab4Tests.swift; sourceTree = "<group>"; };
		49A0B8B32C48D8C200E970B3 /* Lab4UITests.xctest */ = {isa = PBXFileReference; explicitFileType = wrapper.cfbundle; includeInIndex = 0; path = Lab4UITests.xctest; sourceTree = BUILT_PRODUCTS_DIR; };
		49A0B8B72C48D8C200E970B3 /* Lab4UITests.swift */ = {isa = PBXFileReference; lastKnownFileType = sourcecode.swift; path = Lab4UITests.swift; sourceTree = "<group>"; };
		49A0B8B92C48D8C200E970B3 /* Lab4UITestsLaunchTests.swift */ = {isa = PBXFileReference; lastKnownFileType = sourcecode.swift; path = Lab4UITestsLaunchTests.swift; sourceTree = "<group>"; };
		49A101FC2C4E18ED006A928A /* MovieCell.swift */ = {isa = PBXFileReference; lastKnownFileType = sourcecode.swift; path = MovieCell.swift; sourceTree = "<group>"; };
		49BB91602C4EFC630051EAEB /* MovieDetailViewController.swift */ = {isa = PBXFileReference; lastKnownFileType = sourcecode.swift; path = MovieDetailViewController.swift; sourceTree = "<group>"; };
		49BB91662C4F0A580051EAEB /* FavoritesViewController.swift */ = {isa = PBXFileReference; lastKnownFileType = sourcecode.swift; path = FavoritesViewController.swift; sourceTree = "<group>"; };
		49BB91682C4F0A670051EAEB /* FavoriteMovies.swift */ = {isa = PBXFileReference; lastKnownFileType = sourcecode.swift; path = FavoriteMovies.swift; sourceTree = "<group>"; };
		49BB916A2C4F0E070051EAEB /* Movie.swift */ = {isa = PBXFileReference; lastKnownFileType = sourcecode.swift; path = Movie.swift; sourceTree = "<group>"; };
/* End PBXFileReference section */

/* Begin PBXFrameworksBuildPhase section */
		49A0B8902C48D8C000E970B3 /* Frameworks */ = {
			isa = PBXFrameworksBuildPhase;
			buildActionMask = 2147483647;
			files = (
			);
			runOnlyForDeploymentPostprocessing = 0;
		};
		49A0B8A62C48D8C200E970B3 /* Frameworks */ = {
			isa = PBXFrameworksBuildPhase;
			buildActionMask = 2147483647;
			files = (
			);
			runOnlyForDeploymentPostprocessing = 0;
		};
		49A0B8B02C48D8C200E970B3 /* Frameworks */ = {
			isa = PBXFrameworksBuildPhase;
			buildActionMask = 2147483647;
			files = (
			);
			runOnlyForDeploymentPostprocessing = 0;
		};
/* End PBXFrameworksBuildPhase section */

/* Begin PBXGroup section */
		49A0B88A2C48D8C000E970B3 = {
			isa = PBXGroup;
			children = (
				49A0B8952C48D8C000E970B3 /* Lab4 */,
				49A0B8AC2C48D8C200E970B3 /* Lab4Tests */,
				49A0B8B62C48D8C200E970B3 /* Lab4UITests */,
				49A0B8942C48D8C000E970B3 /* Products */,
			);
			sourceTree = "<group>";
		};
		49A0B8942C48D8C000E970B3 /* Products */ = {
			isa = PBXGroup;
			children = (
				49A0B8932C48D8C000E970B3 /* Lab4.app */,
				49A0B8A92C48D8C200E970B3 /* Lab4Tests.xctest */,
				49A0B8B32C48D8C200E970B3 /* Lab4UITests.xctest */,
			);
			name = Products;
			sourceTree = "<group>";
		};
		49A0B8952C48D8C000E970B3 /* Lab4 */ = {
			isa = PBXGroup;
			children = (
				49A0B8962C48D8C000E970B3 /* AppDelegate.swift */,
				49A0B8982C48D8C000E970B3 /* SceneDelegate.swift */,
				49A0B89A2C48D8C000E970B3 /* ViewController.swift */,
				49BB91602C4EFC630051EAEB /* MovieDetailViewController.swift */,
				49BB91682C4F0A670051EAEB /* FavoriteMovies.swift */,
				49BB916A2C4F0E070051EAEB /* Movie.swift */,
				49BB91662C4F0A580051EAEB /* FavoritesViewController.swift */,
				49A101FC2C4E18ED006A928A /* MovieCell.swift */,
				49A0B89C2C48D8C000E970B3 /* Main.storyboard */,
				49A0B89F2C48D8C200E970B3 /* Assets.xcassets */,
				49A0B8A12C48D8C200E970B3 /* LaunchScreen.storyboard */,
				49A0B8A42C48D8C200E970B3 /* Info.plist */,
			);
			path = Lab4;
			sourceTree = "<group>";
		};
		49A0B8AC2C48D8C200E970B3 /* Lab4Tests */ = {
			isa = PBXGroup;
			children = (
				49A0B8AD2C48D8C200E970B3 /* Lab4Tests.swift */,
			);
			path = Lab4Tests;
			sourceTree = "<group>";
		};
		49A0B8B62C48D8C200E970B3 /* Lab4UITests */ = {
			isa = PBXGroup;
			children = (
				49A0B8B72C48D8C200E970B3 /* Lab4UITests.swift */,
				49A0B8B92C48D8C200E970B3 /* Lab4UITestsLaunchTests.swift */,
			);
			path = Lab4UITests;
			sourceTree = "<group>";
		};
/* End PBXGroup section */

/* Begin PBXNativeTarget section */
		49A0B8922C48D8C000E970B3 /* Lab4 */ = {
			isa = PBXNativeTarget;
			buildConfigurationList = 49A0B8BD2C48D8C200E970B3 /* Build configuration list for PBXNativeTarget "Lab4" */;
			buildPhases = (
				49A0B88F2C48D8C000E970B3 /* Sources */,
				49A0B8902C48D8C000E970B3 /* Frameworks */,
				49A0B8912C48D8C000E970B3 /* Resources */,
			);
			buildRules = (
			);
			dependencies = (
			);
			name = Lab4;
			productName = Lab4;
			productReference = 49A0B8932C48D8C000E970B3 /* Lab4.app */;
			productType = "com.apple.product-type.application";
		};
		49A0B8A82C48D8C200E970B3 /* Lab4Tests */ = {
			isa = PBXNativeTarget;
			buildConfigurationList = 49A0B8C02C48D8C200E970B3 /* Build configuration list for PBXNativeTarget "Lab4Tests" */;
			buildPhases = (
				49A0B8A52C48D8C200E970B3 /* Sources */,
				49A0B8A62C48D8C200E970B3 /* Frameworks */,
				49A0B8A72C48D8C200E970B3 /* Resources */,
			);
			buildRules = (
			);
			dependencies = (
				49A0B8AB2C48D8C200E970B3 /* PBXTargetDependency */,
			);
			name = Lab4Tests;
			productName = Lab4Tests;
			productReference = 49A0B8A92C48D8C200E970B3 /* Lab4Tests.xctest */;
			productType = "com.apple.product-type.bundle.unit-test";
		};
		49A0B8B22C48D8C200E970B3 /* Lab4UITests */ = {
			isa = PBXNativeTarget;
			buildConfigurationList = 49A0B8C32C48D8C200E970B3 /* Build configuration list for PBXNativeTarget "Lab4UITests" */;
			buildPhases = (
				49A0B8AF2C48D8C200E970B3 /* Sources */,
				49A0B8B02C48D8C200E970B3 /* Frameworks */,
				49A0B8B12C48D8C200E970B3 /* Resources */,
			);
			buildRules = (
			);
			dependencies = (
				49A0B8B52C48D8C200E970B3 /* PBXTargetDependency */,
			);
			name = Lab4UITests;
			productName = Lab4UITests;
			productReference = 49A0B8B32C48D8C200E970B3 /* Lab4UITests.xctest */;
			productType = "com.apple.product-type.bundle.ui-testing";
		};
/* End PBXNativeTarget section */

/* Begin PBXProject section */
		49A0B88B2C48D8C000E970B3 /* Project object */ = {
			isa = PBXProject;
			attributes = {
				BuildIndependentTargetsInParallel = 1;
				LastSwiftUpdateCheck = 1540;
				LastUpgradeCheck = 1540;
				TargetAttributes = {
					49A0B8922C48D8C000E970B3 = {
						CreatedOnToolsVersion = 15.4;
					};
					49A0B8A82C48D8C200E970B3 = {
						CreatedOnToolsVersion = 15.4;
						TestTargetID = 49A0B8922C48D8C000E970B3;
					};
					49A0B8B22C48D8C200E970B3 = {
						CreatedOnToolsVersion = 15.4;
						TestTargetID = 49A0B8922C48D8C000E970B3;
					};
				};
			};
			buildConfigurationList = 49A0B88E2C48D8C000E970B3 /* Build configuration list for PBXProject "Lab4" */;
			compatibilityVersion = "Xcode 14.0";
			developmentRegion = en;
			hasScannedForEncodings = 0;
			knownRegions = (
				en,
				Base,
			);
			mainGroup = 49A0B88A2C48D8C000E970B3;
			productRefGroup = 49A0B8942C48D8C000E970B3 /* Products */;
			projectDirPath = "";
			projectRoot = "";
			targets = (
				49A0B8922C48D8C000E970B3 /* Lab4 */,
				49A0B8A82C48D8C200E970B3 /* Lab4Tests */,
				49A0B8B22C48D8C200E970B3 /* Lab4UITests */,
			);
		};
/* End PBXProject section */

/* Begin PBXResourcesBuildPhase section */
		49A0B8912C48D8C000E970B3 /* Resources */ = {
			isa = PBXResourcesBuildPhase;
			buildActionMask = 2147483647;
			files = (
				49A0B8A02C48D8C200E970B3 /* Assets.xcassets in Resources */,
				49A0B8A32C48D8C200E970B3 /* Base in Resources */,
				49A0B89E2C48D8C000E970B3 /* Base in Resources */,
			);
			runOnlyForDeploymentPostprocessing = 0;
		};
		49A0B8A72C48D8C200E970B3 /* Resources */ = {
			isa = PBXResourcesBuildPhase;
			buildActionMask = 2147483647;
			files = (
			);
			runOnlyForDeploymentPostprocessing = 0;
		};
		49A0B8B12C48D8C200E970B3 /* Resources */ = {
			isa = PBXResourcesBuildPhase;
			buildActionMask = 2147483647;
			files = (
			);
			runOnlyForDeploymentPostprocessing = 0;
		};
/* End PBXResourcesBuildPhase section */

/* Begin PBXSourcesBuildPhase section */
		49A0B88F2C48D8C000E970B3 /* Sources */ = {
			isa = PBXSourcesBuildPhase;
			buildActionMask = 2147483647;
			files = (
				49A0B89B2C48D8C000E970B3 /* ViewController.swift in Sources */,
				49A101FD2C4E18ED006A928A /* MovieCell.swift in Sources */,
				49A0B8972C48D8C000E970B3 /* AppDelegate.swift in Sources */,
				49BB91612C4EFC630051EAEB /* MovieDetailViewController.swift in Sources */,
				49BB91672C4F0A580051EAEB /* FavoritesViewController.swift in Sources */,
				49A0B8992C48D8C000E970B3 /* SceneDelegate.swift in Sources */,
				49BB916B2C4F0E070051EAEB /* Movie.swift in Sources */,
				49BB91692C4F0A670051EAEB /* FavoriteMovies.swift in Sources */,
			);
			runOnlyForDeploymentPostprocessing = 0;
		};
		49A0B8A52C48D8C200E970B3 /* Sources */ = {
			isa = PBXSourcesBuildPhase;
			buildActionMask = 2147483647;
			files = (
				49A0B8AE2C48D8C200E970B3 /* Lab4Tests.swift in Sources */,
			);
			runOnlyForDeploymentPostprocessing = 0;
		};
		49A0B8AF2C48D8C200E970B3 /* Sources */ = {
			isa = PBXSourcesBuildPhase;
			buildActionMask = 2147483647;
			files = (
				49A0B8B82C48D8C200E970B3 /* Lab4UITests.swift in Sources */,
				49A0B8BA2C48D8C200E970B3 /* Lab4UITestsLaunchTests.swift in Sources */,
			);
			runOnlyForDeploymentPostprocessing = 0;
		};
/* End PBXSourcesBuildPhase section */

/* Begin PBXTargetDependency section */
		49A0B8AB2C48D8C200E970B3 /* PBXTargetDependency */ = {
			isa = PBXTargetDependency;
			target = 49A0B8922C48D8C000E970B3 /* Lab4 */;
			targetProxy = 49A0B8AA2C48D8C200E970B3 /* PBXContainerItemProxy */;
		};
		49A0B8B52C48D8C200E970B3 /* PBXTargetDependency */ = {
			isa = PBXTargetDependency;
			target = 49A0B8922C48D8C000E970B3 /* Lab4 */;
			targetProxy = 49A0B8B42C48D8C200E970B3 /* PBXContainerItemProxy */;
		};
/* End PBXTargetDependency section */

/* Begin PBXVariantGroup section */
		49A0B89C2C48D8C000E970B3 /* Main.storyboard */ = {
			isa = PBXVariantGroup;
			children = (
				49A0B89D2C48D8C000E970B3 /* Base */,
			);
			name = Main.storyboard;
			sourceTree = "<group>";
		};
		49A0B8A12C48D8C200E970B3 /* LaunchScreen.storyboard */ = {
			isa = PBXVariantGroup;
			children = (
				49A0B8A22C48D8C200E970B3 /* Base */,
			);
			name = LaunchScreen.storyboard;
			sourceTree = "<group>";
		};
/* End PBXVariantGroup section */

/* Begin XCBuildConfiguration section */
		49A0B8BB2C48D8C200E970B3 /* Debug */ = {
			isa = XCBuildConfiguration;
			buildSettings = {
				ALWAYS_SEARCH_USER_PATHS = NO;
				ASSETCATALOG_COMPILER_GENERATE_SWIFT_ASSET_SYMBOL_EXTENSIONS = YES;
				CLANG_ANALYZER_NONNULL = YES;
				CLANG_ANALYZER_NUMBER_OBJECT_CONVERSION = YES_AGGRESSIVE;
				CLANG_CXX_LANGUAGE_STANDARD = "gnu++20";
				CLANG_ENABLE_MODULES = YES;
				CLANG_ENABLE_OBJC_ARC = YES;
				CLANG_ENABLE_OBJC_WEAK = YES;
				CLANG_WARN_BLOCK_CAPTURE_AUTORELEASING = YES;
				CLANG_WARN_BOOL_CONVERSION = YES;
				CLANG_WARN_COMMA = YES;
				CLANG_WARN_CONSTANT_CONVERSION = YES;
				CLANG_WARN_DEPRECATED_OBJC_IMPLEMENTATIONS = YES;
				CLANG_WARN_DIRECT_OBJC_ISA_USAGE = YES_ERROR;
				CLANG_WARN_DOCUMENTATION_COMMENTS = YES;
				CLANG_WARN_EMPTY_BODY = YES;
				CLANG_WARN_ENUM_CONVERSION = YES;
				CLANG_WARN_INFINITE_RECURSION = YES;
				CLANG_WARN_INT_CONVERSION = YES;
				CLANG_WARN_NON_LITERAL_NULL_CONVERSION = YES;
				CLANG_WARN_OBJC_IMPLICIT_RETAIN_SELF = YES;
				CLANG_WARN_OBJC_LITERAL_CONVERSION = YES;
				CLANG_WARN_OBJC_ROOT_CLASS = YES_ERROR;
				CLANG_WARN_QUOTED_INCLUDE_IN_FRAMEWORK_HEADER = YES;
				CLANG_WARN_RANGE_LOOP_ANALYSIS = YES;
				CLANG_WARN_STRICT_PROTOTYPES = YES;
				CLANG_WARN_SUSPICIOUS_MOVE = YES;
				CLANG_WARN_UNGUARDED_AVAILABILITY = YES_AGGRESSIVE;
				CLANG_WARN_UNREACHABLE_CODE = YES;
				CLANG_WARN__DUPLICATE_METHOD_MATCH = YES;
				COPY_PHASE_STRIP = NO;
				DEBUG_INFORMATION_FORMAT = dwarf;
				ENABLE_STRICT_OBJC_MSGSEND = YES;
				ENABLE_TESTABILITY = YES;
				ENABLE_USER_SCRIPT_SANDBOXING = YES;
				GCC_C_LANGUAGE_STANDARD = gnu17;
				GCC_DYNAMIC_NO_PIC = NO;
				GCC_NO_COMMON_BLOCKS = YES;
				GCC_OPTIMIZATION_LEVEL = 0;
				GCC_PREPROCESSOR_DEFINITIONS = (
					"DEBUG=1",
					"$(inherited)",
				);
				GCC_WARN_64_TO_32_BIT_CONVERSION = YES;
				GCC_WARN_ABOUT_RETURN_TYPE = YES_ERROR;
				GCC_WARN_UNDECLARED_SELECTOR = YES;
				GCC_WARN_UNINITIALIZED_AUTOS = YES_AGGRESSIVE;
				GCC_WARN_UNUSED_FUNCTION = YES;
				GCC_WARN_UNUSED_VARIABLE = YES;
				IPHONEOS_DEPLOYMENT_TARGET = 17.5;
				LOCALIZATION_PREFERS_STRING_CATALOGS = YES;
				MTL_ENABLE_DEBUG_INFO = INCLUDE_SOURCE;
				MTL_FAST_MATH = YES;
				ONLY_ACTIVE_ARCH = YES;
				SDKROOT = iphoneos;
				SWIFT_ACTIVE_COMPILATION_CONDITIONS = "DEBUG $(inherited)";
				SWIFT_OPTIMIZATION_LEVEL = "-Onone";
			};
			name = Debug;
		};
		49A0B8BC2C48D8C200E970B3 /* Release */ = {
			isa = XCBuildConfiguration;
			buildSettings = {
				ALWAYS_SEARCH_USER_PATHS = NO;
				ASSETCATALOG_COMPILER_GENERATE_SWIFT_ASSET_SYMBOL_EXTENSIONS = YES;
				CLANG_ANALYZER_NONNULL = YES;
				CLANG_ANALYZER_NUMBER_OBJECT_CONVERSION = YES_AGGRESSIVE;
				CLANG_CXX_LANGUAGE_STANDARD = "gnu++20";
				CLANG_ENABLE_MODULES = YES;
				CLANG_ENABLE_OBJC_ARC = YES;
				CLANG_ENABLE_OBJC_WEAK = YES;
				CLANG_WARN_BLOCK_CAPTURE_AUTORELEASING = YES;
				CLANG_WARN_BOOL_CONVERSION = YES;
				CLANG_WARN_COMMA = YES;
				CLANG_WARN_CONSTANT_CONVERSION = YES;
				CLANG_WARN_DEPRECATED_OBJC_IMPLEMENTATIONS = YES;
				CLANG_WARN_DIRECT_OBJC_ISA_USAGE = YES_ERROR;
				CLANG_WARN_DOCUMENTATION_COMMENTS = YES;
				CLANG_WARN_EMPTY_BODY = YES;
				CLANG_WARN_ENUM_CONVERSION = YES;
				CLANG_WARN_INFINITE_RECURSION = YES;
				CLANG_WARN_INT_CONVERSION = YES;
				CLANG_WARN_NON_LITERAL_NULL_CONVERSION = YES;
				CLANG_WARN_OBJC_IMPLICIT_RETAIN_SELF = YES;
				CLANG_WARN_OBJC_LITERAL_CONVERSION = YES;
				CLANG_WARN_OBJC_ROOT_CLASS = YES_ERROR;
				CLANG_WARN_QUOTED_INCLUDE_IN_FRAMEWORK_HEADER = YES;
				CLANG_WARN_RANGE_LOOP_ANALYSIS = YES;
				CLANG_WARN_STRICT_PROTOTYPES = YES;
				CLANG_WARN_SUSPICIOUS_MOVE = YES;
				CLANG_WARN_UNGUARDED_AVAILABILITY = YES_AGGRESSIVE;
				CLANG_WARN_UNREACHABLE_CODE = YES;
				CLANG_WARN__DUPLICATE_METHOD_MATCH = YES;
				COPY_PHASE_STRIP = NO;
				DEBUG_INFORMATION_FORMAT = "dwarf-with-dsym";
				ENABLE_NS_ASSERTIONS = NO;
				ENABLE_STRICT_OBJC_MSGSEND = YES;
				ENABLE_USER_SCRIPT_SANDBOXING = YES;
				GCC_C_LANGUAGE_STANDARD = gnu17;
				GCC_NO_COMMON_BLOCKS = YES;
				GCC_WARN_64_TO_32_BIT_CONVERSION = YES;
				GCC_WARN_ABOUT_RETURN_TYPE = YES_ERROR;
				GCC_WARN_UNDECLARED_SELECTOR = YES;
				GCC_WARN_UNINITIALIZED_AUTOS = YES_AGGRESSIVE;
				GCC_WARN_UNUSED_FUNCTION = YES;
				GCC_WARN_UNUSED_VARIABLE = YES;
				IPHONEOS_DEPLOYMENT_TARGET = 17.5;
				LOCALIZATION_PREFERS_STRING_CATALOGS = YES;
				MTL_ENABLE_DEBUG_INFO = NO;
				MTL_FAST_MATH = YES;
				SDKROOT = iphoneos;
				SWIFT_COMPILATION_MODE = wholemodule;
				VALIDATE_PRODUCT = YES;
			};
			name = Release;
		};
		49A0B8BE2C48D8C200E970B3 /* Debug */ = {
			isa = XCBuildConfiguration;
			buildSettings = {
				ASSETCATALOG_COMPILER_APPICON_NAME = AppIcon;
				ASSETCATALOG_COMPILER_GLOBAL_ACCENT_COLOR_NAME = AccentColor;
				CODE_SIGN_STYLE = Automatic;
				CURRENT_PROJECT_VERSION = 1;
				DEVELOPMENT_TEAM = N3F355WLLX;
				GENERATE_INFOPLIST_FILE = YES;
				INFOPLIST_FILE = Lab4/Info.plist;
				INFOPLIST_KEY_UIApplicationSupportsIndirectInputEvents = YES;
				INFOPLIST_KEY_UILaunchStoryboardName = LaunchScreen;
				INFOPLIST_KEY_UIMainStoryboardFile = Main;
				INFOPLIST_KEY_UISupportedInterfaceOrientations_iPad = "UIInterfaceOrientationPortrait UIInterfaceOrientationPortraitUpsideDown UIInterfaceOrientationLandscapeLeft UIInterfaceOrientationLandscapeRight";
				INFOPLIST_KEY_UISupportedInterfaceOrientations_iPhone = "UIInterfaceOrientationPortrait UIInterfaceOrientationLandscapeLeft UIInterfaceOrientationLandscapeRight";
				LD_RUNPATH_SEARCH_PATHS = (
					"$(inherited)",
					"@executable_path/Frameworks",
				);
				MARKETING_VERSION = 1.0;
				PRODUCT_BUNDLE_IDENTIFIER = "CSE-438.Lab4";
				PRODUCT_NAME = "$(TARGET_NAME)";
				SWIFT_EMIT_LOC_STRINGS = YES;
				SWIFT_VERSION = 5.0;
				TARGETED_DEVICE_FAMILY = "1,2";
			};
			name = Debug;
		};
		49A0B8BF2C48D8C200E970B3 /* Release */ = {
			isa = XCBuildConfiguration;
			buildSettings = {
				ASSETCATALOG_COMPILER_APPICON_NAME = AppIcon;
				ASSETCATALOG_COMPILER_GLOBAL_ACCENT_COLOR_NAME = AccentColor;
				CODE_SIGN_STYLE = Automatic;
				CURRENT_PROJECT_VERSION = 1;
				DEVELOPMENT_TEAM = N3F355WLLX;
				GENERATE_INFOPLIST_FILE = YES;
				INFOPLIST_FILE = Lab4/Info.plist;
				INFOPLIST_KEY_UIApplicationSupportsIndirectInputEvents = YES;
				INFOPLIST_KEY_UILaunchStoryboardName = LaunchScreen;
				INFOPLIST_KEY_UIMainStoryboardFile = Main;
				INFOPLIST_KEY_UISupportedInterfaceOrientations_iPad = "UIInterfaceOrientationPortrait UIInterfaceOrientationPortraitUpsideDown UIInterfaceOrientationLandscapeLeft UIInterfaceOrientationLandscapeRight";
				INFOPLIST_KEY_UISupportedInterfaceOrientations_iPhone = "UIInterfaceOrientationPortrait UIInterfaceOrientationLandscapeLeft UIInterfaceOrientationLandscapeRight";
				LD_RUNPATH_SEARCH_PATHS = (
					"$(inherited)",
					"@executable_path/Frameworks",
				);
				MARKETING_VERSION = 1.0;
				PRODUCT_BUNDLE_IDENTIFIER = "CSE-438.Lab4";
				PRODUCT_NAME = "$(TARGET_NAME)";
				SWIFT_EMIT_LOC_STRINGS = YES;
				SWIFT_VERSION = 5.0;
				TARGETED_DEVICE_FAMILY = "1,2";
			};
			name = Release;
		};
		49A0B8C12C48D8C200E970B3 /* Debug */ = {
			isa = XCBuildConfiguration;
			buildSettings = {
				ALWAYS_EMBED_SWIFT_STANDARD_LIBRARIES = YES;
				BUNDLE_LOADER = "$(TEST_HOST)";
				CODE_SIGN_STYLE = Automatic;
				CURRENT_PROJECT_VERSION = 1;
				GENERATE_INFOPLIST_FILE = YES;
				IPHONEOS_DEPLOYMENT_TARGET = 17.5;
				MARKETING_VERSION = 1.0;
				PRODUCT_BUNDLE_IDENTIFIER = "CSE-438.Lab4Tests";
				PRODUCT_NAME = "$(TARGET_NAME)";
				SWIFT_EMIT_LOC_STRINGS = NO;
				SWIFT_VERSION = 5.0;
				TARGETED_DEVICE_FAMILY = "1,2";
				TEST_HOST = "$(BUILT_PRODUCTS_DIR)/Lab4.app/$(BUNDLE_EXECUTABLE_FOLDER_PATH)/Lab4";
			};
			name = Debug;
		};
		49A0B8C22C48D8C200E970B3 /* Release */ = {
			isa = XCBuildConfiguration;
			buildSettings = {
				ALWAYS_EMBED_SWIFT_STANDARD_LIBRARIES = YES;
				BUNDLE_LOADER = "$(TEST_HOST)";
				CODE_SIGN_STYLE = Automatic;
				CURRENT_PROJECT_VERSION = 1;
				GENERATE_INFOPLIST_FILE = YES;
				IPHONEOS_DEPLOYMENT_TARGET = 17.5;
				MARKETING_VERSION = 1.0;
				PRODUCT_BUNDLE_IDENTIFIER = "CSE-438.Lab4Tests";
				PRODUCT_NAME = "$(TARGET_NAME)";
				SWIFT_EMIT_LOC_STRINGS = NO;
				SWIFT_VERSION = 5.0;
				TARGETED_DEVICE_FAMILY = "1,2";
				TEST_HOST = "$(BUILT_PRODUCTS_DIR)/Lab4.app/$(BUNDLE_EXECUTABLE_FOLDER_PATH)/Lab4";
			};
			name = Release;
		};
		49A0B8C42C48D8C200E970B3 /* Debug */ = {
			isa = XCBuildConfiguration;
			buildSettings = {
				ALWAYS_EMBED_SWIFT_STANDARD_LIBRARIES = YES;
				CODE_SIGN_STYLE = Automatic;
				CURRENT_PROJECT_VERSION = 1;
				GENERATE_INFOPLIST_FILE = YES;
				MARKETING_VERSION = 1.0;
				PRODUCT_BUNDLE_IDENTIFIER = "CSE-438.Lab4UITests";
				PRODUCT_NAME = "$(TARGET_NAME)";
				SWIFT_EMIT_LOC_STRINGS = NO;
				SWIFT_VERSION = 5.0;
				TARGETED_DEVICE_FAMILY = "1,2";
				TEST_TARGET_NAME = Lab4;
			};
			name = Debug;
		};
		49A0B8C52C48D8C200E970B3 /* Release */ = {
			isa = XCBuildConfiguration;
			buildSettings = {
				ALWAYS_EMBED_SWIFT_STANDARD_LIBRARIES = YES;
				CODE_SIGN_STYLE = Automatic;
				CURRENT_PROJECT_VERSION = 1;
				GENERATE_INFOPLIST_FILE = YES;
				MARKETING_VERSION = 1.0;
				PRODUCT_BUNDLE_IDENTIFIER = "CSE-438.Lab4UITests";
				PRODUCT_NAME = "$(TARGET_NAME)";
				SWIFT_EMIT_LOC_STRINGS = NO;
				SWIFT_VERSION = 5.0;
				TARGETED_DEVICE_FAMILY = "1,2";
				TEST_TARGET_NAME = Lab4;
			};
			name = Release;
		};
/* End XCBuildConfiguration section */

/* Begin XCConfigurationList section */
		49A0B88E2C48D8C000E970B3 /* Build configuration list for PBXProject "Lab4" */ = {
			isa = XCConfigurationList;
			buildConfigurations = (
				49A0B8BB2C48D8C200E970B3 /* Debug */,
				49A0B8BC2C48D8C200E970B3 /* Release */,
			);
			defaultConfigurationIsVisible = 0;
			defaultConfigurationName = Release;
		};
		49A0B8BD2C48D8C200E970B3 /* Build configuration list for PBXNativeTarget "Lab4" */ = {
			isa = XCConfigurationList;
			buildConfigurations = (
				49A0B8BE2C48D8C200E970B3 /* Debug */,
				49A0B8BF2C48D8C200E970B3 /* Release */,
			);
			defaultConfigurationIsVisible = 0;
			defaultConfigurationName = Release;
		};
		49A0B8C02C48D8C200E970B3 /* Build configuration list for PBXNativeTarget "Lab4Tests" */ = {
			isa = XCConfigurationList;
			buildConfigurations = (
				49A0B8C12C48D8C200E970B3 /* Debug */,
				49A0B8C22C48D8C200E970B3 /* Release */,
			);
			defaultConfigurationIsVisible = 0;
			defaultConfigurationName = Release;
		};
		49A0B8C32C48D8C200E970B3 /* Build configuration list for PBXNativeTarget "Lab4UITests" */ = {
			isa = XCConfigurationList;
			buildConfigurations = (
				49A0B8C42C48D8C200E970B3 /* Debug */,
				49A0B8C52C48D8C200E970B3 /* Release */,
			);
			defaultConfigurationIsVisible = 0;
			defaultConfigurationName = Release;
		};
/* End XCConfigurationList section */
	};
	rootObject = 49A0B88B2C48D8C000E970B3 /* Project object */;
}
